
Microsoft Visual Studio Solution File, Format Version 12.00
# Visual Studio Version 17
VisualStudioVersion = 17.5.002.0
MinimumVisualStudioVersion = 10.0.40219.1
Project("{9A19103F-16F7-4668-BE54-9A1E7A4F7556}") = "Class", "Class.csproj", "{FBF85FD5-4701-4961-BBA2-3F343F2F5AE0}"
EndProject
Global
	GlobalSection(SolutionConfigurationPlatforms) = preSolution
		Debug|Any CPU = Debug|Any CPU
		Release|Any CPU = Release|Any CPU
	EndGlobalSection
	GlobalSection(ProjectConfigurationPlatforms) = postSolution
		{FBF85FD5-4701-4961-BBA2-3F343F2F5AE0}.Debug|Any CPU.ActiveCfg = Debug|Any CPU
		{FBF85FD5-4701-4961-BBA2-3F343F2F5AE0}.Debug|Any CPU.Build.0 = Debug|Any CPU
		{FBF85FD5-4701-4961-BBA2-3F343F2F5AE0}.Release|Any CPU.ActiveCfg = Release|Any CPU
		{FBF85FD5-4701-4961-BBA2-3F343F2F5AE0}.Release|Any CPU.Build.0 = Release|Any CPU
	EndGlobalSection
	GlobalSection(SolutionProperties) = preSolution
		HideSolutionNode = FALSE
	EndGlobalSection
	GlobalSection(ExtensibilityGlobals) = postSolution
		SolutionGuid = {EB8EC83D-411A-40BC-BAC5-7E44ED06C2B2}
	EndGlobalSection
EndGlobal
